
Microsoft Visual Studio Solution File, Format Version 12.00
# Visual Studio Version 17
VisualStudioVersion = 17.14.37111.16 d17.14
MinimumVisualStudioVersion = 10.0.40219.1
Project("{FAE04EC0-301F-11D3-BF4B-00C04F79EFBC}") = "MauiApp1", "MauiApp1\MauiApp1.csproj", "{3D66251D-8654-4E72-965C-974DE4A7BDD4}"
EndProject
Global
	GlobalSection(SolutionConfigurationPlatforms) = preSolution
		Debug|Any CPU = Debug|Any CPU
		Release|Any CPU = Release|Any CPU
	EndGlobalSection
	GlobalSection(ProjectConfigurationPlatforms) = postSolution
		{3D66251D-8654-4E72-965C-974DE4A7BDD4}.Debug|Any CPU.ActiveCfg = Debug|Any CPU
		{3D66251D-8654-4E72-965C-974DE4A7BDD4}.Debug|Any CPU.Build.0 = Debug|Any CPU
		{3D66251D-8654-4E72-965C-974DE4A7BDD4}.Release|Any CPU.ActiveCfg = Release|Any CPU
		{3D66251D-8654-4E72-965C-974DE4A7BDD4}.Release|Any CPU.Build.0 = Release|Any CPU
	EndGlobalSection
	GlobalSection(SolutionProperties) = preSolution
		HideSolutionNode = FALSE
	EndGlobalSection
	GlobalSection(ExtensibilityGlobals) = postSolution
		SolutionGuid = {B036FDE3-0255-47F1-9BFF-A2968C89655E}
	EndGlobalSection
EndGlobal
